PODS:
  - SwiftLint (0.39.1)
  - SwiftMinions (0.0.4):
    - SwiftMinions/Core (= 0.0.4)
  - SwiftMinions/Core (0.0.4)
  - SwiftMinions/CoreLocation (0.0.4)
  - SwiftMinions/SwiftStandardLibrary (0.0.4)
  - SwiftMinions/UIKit (0.0.4)

DEPENDENCIES:
  - SwiftLint
  - SwiftMinions (from `../`)
  - SwiftMinions/CoreLocation (from `../`)
  - SwiftMinions/SwiftStandardLibrary (from `../`)
  - SwiftMinions/UIKit (from `../`)

SPEC REPOS:
  trunk:
    - SwiftLint

EXTERNAL SOURCES:
  SwiftMinions:
    :path: "../"

SPEC CHECKSUMS:
  SwiftLint: 55e96a4a4d537d4a3156859fc1c54bd24851a046
  SwiftMinions: a11e67039ae68752e482ed1f4263d9ce8299c905

PODFILE CHECKSUM: b620caa151c062471668976aa1de6144e1da6794

COCOAPODS: 1.8.4
