PODS:
  - SwiftMinions (0.0.1):
    - SwiftMinions/Core (= 0.0.1)
  - SwiftMinions/Core (0.0.1)

DEPENDENCIES:
  - SwiftMinions (from `../`)

EXTERNAL SOURCES:
  SwiftMinions:
    :path: "../"

SPEC CHECKSUMS:
  SwiftMinions: bf78a85f8ab1f54a8c1b5f63212012f732a2373f

PODFILE CHECKSUM: 0e82062ceae9e813e7428b72c5400bf65b46e911

COCOAPODS: 1.8.4
