// !$*UTF8*$!
{
	archiveVersion = 1;
	classes = {
	};
	objectVersion = 50;
	objects = {

/* Begin PBXBuildFile section */
		DC63C57023F6D9C6005684DE /* AppDelegate.swift in Sources */ = {isa = PBXBuildFile; fileRef = DC63C56F23F6D9C6005684DE /* AppDelegate.swift */; };
		DC63C57223F6D9C6005684DE /* SceneDelegate.swift in Sources */ = {isa = PBXBuildFile; fileRef = DC63C57123F6D9C6005684DE /* SceneDelegate.swift */; };
		DC63C57423F6D9C6005684DE /* ViewController.swift in Sources */ = {isa = PBXBuildFile; fileRef = DC63C57323F6D9C6005684DE /* ViewController.swift */; };
		DC63C57723F6D9C6005684DE /* Main.storyboard in Resources */ = {isa = PBXBuildFile; fileRef = DC63C57523F6D9C6005684DE /* Main.storyboard */; };
		DC63C57923F6D9C8005684DE /* Assets.xcassets in Resources */ = {isa = PBXBuildFile; fileRef = DC63C57823F6D9C8005684DE /* Assets.xcassets */; };
		DC63C57C23F6D9C8005684DE /* LaunchScreen.storyboard in Resources */ = {isa = PBXBuildFile; fileRef = DC63C57A23F6D9C8005684DE /* LaunchScreen.storyboard */; };
		DC63C58723F6D9C8005684DE /* ExampleTests.swift in Sources */ = {isa = PBXBuildFile; fileRef = DC63C58623F6D9C8005684DE /* ExampleTests.swift */; };
		DC63C59223F6D9C8005684DE /* ExampleUITests.swift in Sources */ = {isa = PBXBuildFile; fileRef = DC63C59123F6D9C8005684DE /* ExampleUITests.swift */; };
/* End PBXBuildFile section */

/* Begin PBXContainerItemProxy section */
		DC63C58323F6D9C8005684DE /* PBXContainerItemProxy */ = {
			isa = PBXContainerItemProxy;
			containerPortal = DC63C56423F6D9C6005684DE /* Project object */;
			proxyType = 1;
			remoteGlobalIDString = DC63C56B23F6D9C6005684DE;
			remoteInfo = Example;
		};
		DC63C58E23F6D9C8005684DE /* PBXContainerItemProxy */ = {
			isa = PBXContainerItemProxy;
			containerPortal = DC63C56423F6D9C6005684DE /* Project object */;
			proxyType = 1;
			remoteGlobalIDString = DC63C56B23F6D9C6005684DE;
			remoteInfo = Example;
		};
/* End PBXContainerItemProxy section */

/* Begin PBXFileReference section */
		DC63C56C23F6D9C6005684DE /* Example.app */ = {isa = PBXFileReference; explicitFileType = wrapper.application; includeInIndex = 0; path = Example.app; sourceTree = BUILT_PRODUCTS_DIR; };
		DC63C56F23F6D9C6005684DE /* AppDelegate.swift */ = {isa = PBXFileReference; lastKnownFileType = sourcecode.swift; path = AppDelegate.swift; sourceTree = "<group>"; };
		DC63C57123F6D9C6005684DE /* SceneDelegate.swift */ = {isa = PBXFileReference; lastKnownFileType = sourcecode.swift; path = SceneDelegate.swift; sourceTree = "<group>"; };
		DC63C57323F6D9C6005684DE /* ViewController.swift */ = {isa = PBXFileReference; lastKnownFileType = sourcecode.swift; path = ViewController.swift; sourceTree = "<group>"; };
		DC63C57623F6D9C6005684DE /* Base */ = {isa = PBXFileReference; lastKnownFileType = file.storyboard; name = Base; path = Base.lproj/Main.storyboard; sourceTree = "<group>"; };
		DC63C57823F6D9C8005684DE /* Assets.xcassets */ = {isa = PBXFileReference; lastKnownFileType = folder.assetcatalog; path = Assets.xcassets; sourceTree = "<group>"; };
		DC63C57B23F6D9C8005684DE /* Base */ = {isa = PBXFileReference; lastKnownFileType = file.storyboard; name = Base; path = Base.lproj/LaunchScreen.storyboard; sourceTree = "<group>"; };
		DC63C57D23F6D9C8005684DE /* Info.plist */ = {isa = PBXFileReference; lastKnownFileType = text.plist.xml; path = Info.plist; sourceTree = "<group>"; };
		DC63C58223F6D9C8005684DE /* ExampleTests.xctest */ = {isa = PBXFileReference; explicitFileType = wrapper.cfbundle; includeInIndex = 0; path = ExampleTests.xctest; sourceTree = BUILT_PRODUCTS_DIR; };
		DC63C58623F6D9C8005684DE /* ExampleTests.swift */ = {isa = PBXFileReference; lastKnownFileType = sourcecode.swift; path = ExampleTests.swift; sourceTree = "<group>"; };
		DC63C58823F6D9C8005684DE /* Info.plist */ = {isa = PBXFileReference; lastKnownFileType = text.plist.xml; path = Info.plist; sourceTree = "<group>"; };
		DC63C58D23F6D9C8005684DE /* ExampleUITests.xctest */ = {isa = PBXFileReference; explicitFileType = wrapper.cfbundle; includeInIndex = 0; path = ExampleUITests.xctest; sourceTree = BUILT_PRODUCTS_DIR; };
		DC63C59123F6D9C8005684DE /* ExampleUITests.swift */ = {isa = PBXFileReference; lastKnownFileType = sourcecode.swift; path = ExampleUITests.swift; sourceTree = "<group>"; };
		DC63C59323F6D9C8005684DE /* Info.plist */ = {isa = PBXFileReference; lastKnownFileType = text.plist.xml; path = Info.plist; sourceTree = "<group>"; };
/* End PBXFileReference section */

/* Begin PBXFrameworksBuildPhase section */
		DC63C56923F6D9C6005684DE /* Frameworks */ = {
			isa = PBXFrameworksBuildPhase;
			buildActionMask = 2147483647;
			files = (
			);
			runOnlyForDeploymentPostprocessing = 0;
		};
		DC63C57F23F6D9C8005684DE /* Frameworks */ = {
			isa = PBXFrameworksBuildPhase;
			buildActionMask = 2147483647;
			files = (
			);
			runOnlyForDeploymentPostprocessing = 0;
		};
		DC63C58A23F6D9C8005684DE /* Frameworks */ = {
			isa = PBXFrameworksBuildPhase;
			buildActionMask = 2147483647;
			files = (
			);
			runOnlyForDeploymentPostprocessing = 0;
		};
/* End PBXFrameworksBuildPhase section */

/* Begin PBXGroup section */
		DC63C56323F6D9C6005684DE = {
			isa = PBXGroup;
			children = (
				DC63C56E23F6D9C6005684DE /* Example */,
				DC63C58523F6D9C8005684DE /* ExampleTests */,
				DC63C59023F6D9C8005684DE /* ExampleUITests */,
				DC63C56D23F6D9C6005684DE /* Products */,
			);
			sourceTree = "<group>";
		};
		DC63C56D23F6D9C6005684DE /* Products */ = {
			isa = PBXGroup;
			children = (
				DC63C56C23F6D9C6005684DE /* Example.app */,
				DC63C58223F6D9C8005684DE /* ExampleTests.xctest */,
				DC63C58D23F6D9C8005684DE /* ExampleUITests.xctest */,
			);
			name = Products;
			sourceTree = "<group>";
		};
		DC63C56E23F6D9C6005684DE /* Example */ = {
			isa = PBXGroup;
			children = (
				DC63C56F23F6D9C6005684DE /* AppDelegate.swift */,
				DC63C57123F6D9C6005684DE /* SceneDelegate.swift */,
				DC63C57323F6D9C6005684DE /* ViewController.swift */,
				DC63C57523F6D9C6005684DE /* Main.storyboard */,
				DC63C57823F6D9C8005684DE /* Assets.xcassets */,
				DC63C57A23F6D9C8005684DE /* LaunchScreen.storyboard */,
				DC63C57D23F6D9C8005684DE /* Info.plist */,
			);
			path = Example;
			sourceTree = "<group>";
		};
		DC63C58523F6D9C8005684DE /* ExampleTests */ = {
			isa = PBXGroup;
			children = (
				DC63C58623F6D9C8005684DE /* ExampleTests.swift */,
				DC63C58823F6D9C8005684DE /* Info.plist */,
			);
			path = ExampleTests;
			sourceTree = "<group>";
		};
		DC63C59023F6D9C8005684DE /* ExampleUITests */ = {
			isa = PBXGroup;
			children = (
				DC63C59123F6D9C8005684DE /* ExampleUITests.swift */,
				DC63C59323F6D9C8005684DE /* Info.plist */,
			);
			path = ExampleUITests;
			sourceTree = "<group>";
		};
/* End PBXGroup section */

/* Begin PBXNativeTarget section */
		DC63C56B23F6D9C6005684DE /* Example */ = {
			isa = PBXNativeTarget;
			buildConfigurationList = DC63C59623F6D9C8005684DE /* Build configuration list for PBXNativeTarget "Example" */;
			buildPhases = (
				DC63C56823F6D9C6005684DE /* Sources */,
				DC63C56923F6D9C6005684DE /* Frameworks */,
				DC63C56A23F6D9C6005684DE /* Resources */,
			);
			buildRules = (
			);
			dependencies = (
			);
			name = Example;
			productName = Example;
			productReference = DC63C56C23F6D9C6005684DE /* Example.app */;
			productType = "com.apple.product-type.application";
		};
		DC63C58123F6D9C8005684DE /* ExampleTests */ = {
			isa = PBXNativeTarget;
			buildConfigurationList = DC63C59923F6D9C8005684DE /* Build configuration list for PBXNativeTarget "ExampleTests" */;
			buildPhases = (
				DC63C57E23F6D9C8005684DE /* Sources */,
				DC63C57F23F6D9C8005684DE /* Frameworks */,
				DC63C58023F6D9C8005684DE /* Resources */,
			);
			buildRules = (
			);
			dependencies = (
				DC63C58423F6D9C8005684DE /* PBXTargetDependency */,
			);
			name = ExampleTests;
			productName = ExampleTests;
			productReference = DC63C58223F6D9C8005684DE /* ExampleTests.xctest */;
			productType = "com.apple.product-type.bundle.unit-test";
		};
		DC63C58C23F6D9C8005684DE /* ExampleUITests */ = {
			isa = PBXNativeTarget;
			buildConfigurationList = DC63C59C23F6D9C8005684DE /* Build configuration list for PBXNativeTarget "ExampleUITests" */;
			buildPhases = (
				DC63C58923F6D9C8005684DE /* Sources */,
				DC63C58A23F6D9C8005684DE /* Frameworks */,
				DC63C58B23F6D9C8005684DE /* Resources */,
			);
			buildRules = (
			);
			dependencies = (
				DC63C58F23F6D9C8005684DE /* PBXTargetDependency */,
			);
			name = ExampleUITests;
			productName = ExampleUITests;
			productReference = DC63C58D23F6D9C8005684DE /* ExampleUITests.xctest */;
			productType = "com.apple.product-type.bundle.ui-testing";
		};
/* End PBXNativeTarget section */

/* Begin PBXProject section */
		DC63C56423F6D9C6005684DE /* Project object */ = {
			isa = PBXProject;
			attributes = {
				LastSwiftUpdateCheck = 1130;
				LastUpgradeCheck = 1130;
				ORGANIZATIONNAME = SwiftMinions;
				TargetAttributes = {
					DC63C56B23F6D9C6005684DE = {
						CreatedOnToolsVersion = 11.3.1;
					};
					DC63C58123F6D9C8005684DE = {
						CreatedOnToolsVersion = 11.3.1;
						TestTargetID = DC63C56B23F6D9C6005684DE;
					};
					DC63C58C23F6D9C8005684DE = {
						CreatedOnToolsVersion = 11.3.1;
						TestTargetID = DC63C56B23F6D9C6005684DE;
					};
				};
			};
			buildConfigurationList = DC63C56723F6D9C6005684DE /* Build configuration list for PBXProject "Example" */;
			compatibilityVersion = "Xcode 9.3";
			developmentRegion = en;
			hasScannedForEncodings = 0;
			knownRegions = (
				en,
				Base,
			);
			mainGroup = DC63C56323F6D9C6005684DE;
			productRefGroup = DC63C56D23F6D9C6005684DE /* Products */;
			projectDirPath = "";
			projectRoot = "";
			targets = (
				DC63C56B23F6D9C6005684DE /* Example */,
				DC63C58123F6D9C8005684DE /* ExampleTests */,
				DC63C58C23F6D9C8005684DE /* ExampleUITests */,
			);
		};
/* End PBXProject section */

/* Begin PBXResourcesBuildPhase section */
		DC63C56A23F6D9C6005684DE /* Resources */ = {
			isa = PBXResourcesBuildPhase;
			buildActionMask = 2147483647;
			files = (
				DC63C57C23F6D9C8005684DE /* LaunchScreen.storyboard in Resources */,
				DC63C57923F6D9C8005684DE /* Assets.xcassets in Resources */,
				DC63C57723F6D9C6005684DE /* Main.storyboard in Resources */,
			);
			runOnlyForDeploymentPostprocessing = 0;
		};
		DC63C58023F6D9C8005684DE /* Resources */ = {
			isa = PBXResourcesBuildPhase;
			buildActionMask = 2147483647;
			files = (
			);
			runOnlyForDeploymentPostprocessing = 0;
		};
		DC63C58B23F6D9C8005684DE /* Resources */ = {
			isa = PBXResourcesBuildPhase;
			buildActionMask = 2147483647;
			files = (
			);
			runOnlyForDeploymentPostprocessing = 0;
		};
/* End PBXResourcesBuildPhase section */

/* Begin PBXSourcesBuildPhase section */
		DC63C56823F6D9C6005684DE /* Sources */ = {
			isa = PBXSourcesBuildPhase;
			buildActionMask = 2147483647;
			files = (
				DC63C57423F6D9C6005684DE /* ViewController.swift in Sources */,
				DC63C57023F6D9C6005684DE /* AppDelegate.swift in Sources */,
				DC63C57223F6D9C6005684DE /* SceneDelegate.swift in Sources */,
			);
			runOnlyForDeploymentPostprocessing = 0;
		};
		DC63C57E23F6D9C8005684DE /* Sources */ = {
			isa = PBXSourcesBuildPhase;
			buildActionMask = 2147483647;
			files = (
				DC63C58723F6D9C8005684DE /* ExampleTests.swift in Sources */,
			);
			runOnlyForDeploymentPostprocessing = 0;
		};
		DC63C58923F6D9C8005684DE /* Sources */ = {
			isa = PBXSourcesBuildPhase;
			buildActionMask = 2147483647;
			files = (
				DC63C59223F6D9C8005684DE /* ExampleUITests.swift in Sources */,
			);
			runOnlyForDeploymentPostprocessing = 0;
		};
/* End PBXSourcesBuildPhase section */

/* Begin PBXTargetDependency section */
		DC63C58423F6D9C8005684DE /* PBXTargetDependency */ = {
			isa = PBXTargetDependency;
			target = DC63C56B23F6D9C6005684DE /* Example */;
			targetProxy = DC63C58323F6D9C8005684DE /* PBXContainerItemProxy */;
		};
		DC63C58F23F6D9C8005684DE /* PBXTargetDependency */ = {
			isa = PBXTargetDependency;
			target = DC63C56B23F6D9C6005684DE /* Example */;
			targetProxy = DC63C58E23F6D9C8005684DE /* PBXContainerItemProxy */;
		};
/* End PBXTargetDependency section */

/* Begin PBXVariantGroup section */
		DC63C57523F6D9C6005684DE /* Main.storyboard */ = {
			isa = PBXVariantGroup;
			children = (
				DC63C57623F6D9C6005684DE /* Base */,
			);
			name = Main.storyboard;
			sourceTree = "<group>";
		};
		DC63C57A23F6D9C8005684DE /* LaunchScreen.storyboard */ = {
			isa = PBXVariantGroup;
			children = (
				DC63C57B23F6D9C8005684DE /* Base */,
			);
			name = LaunchScreen.storyboard;
			sourceTree = "<group>";
		};
/* End PBXVariantGroup section */

/* Begin XCBuildConfiguration section */
		DC63C59423F6D9C8005684DE /* Debug */ = {
			isa = XCBuildConfiguration;
			buildSettings = {
				ALWAYS_SEARCH_USER_PATHS = NO;
				CLANG_ANALYZER_NONNULL = YES;
				CLANG_ANALYZER_NUMBER_OBJECT_CONVERSION = YES_AGGRESSIVE;
				CLANG_CXX_LANGUAGE_STANDARD = "gnu++14";
				CLANG_CXX_LIBRARY = "libc++";
				CLANG_ENABLE_MODULES = YES;
				CLANG_ENABLE_OBJC_ARC = YES;
				CLANG_ENABLE_OBJC_WEAK = YES;
				CLANG_WARN_BLOCK_CAPTURE_AUTORELEASING = YES;
				CLANG_WARN_BOOL_CONVERSION = YES;
				CLANG_WARN_COMMA = YES;
				CLANG_WARN_CONSTANT_CONVERSION = YES;
				CLANG_WARN_DEPRECATED_OBJC_IMPLEMENTATIONS = YES;
				CLANG_WARN_DIRECT_OBJC_ISA_USAGE = YES_ERROR;
				CLANG_WARN_DOCUMENTATION_COMMENTS = YES;
				CLANG_WARN_EMPTY_BODY = YES;
				CLANG_WARN_ENUM_CONVERSION = YES;
				CLANG_WARN_INFINITE_RECURSION = YES;
				CLANG_WARN_INT_CONVERSION = YES;
				CLANG_WARN_NON_LITERAL_NULL_CONVERSION = YES;
				CLANG_WARN_OBJC_IMPLICIT_RETAIN_SELF = YES;
				CLANG_WARN_OBJC_LITERAL_CONVERSION = YES;
				CLANG_WARN_OBJC_ROOT_CLASS = YES_ERROR;
				CLANG_WARN_RANGE_LOOP_ANALYSIS = YES;
				CLANG_WARN_STRICT_PROTOTYPES = YES;
				CLANG_WARN_SUSPICIOUS_MOVE = YES;
				CLANG_WARN_UNGUARDED_AVAILABILITY = YES_AGGRESSIVE;
				CLANG_WARN_UNREACHABLE_CODE = YES;
				CLANG_WARN__DUPLICATE_METHOD_MATCH = YES;
				COPY_PHASE_STRIP = NO;
				DEBUG_INFORMATION_FORMAT = dwarf;
				ENABLE_STRICT_OBJC_MSGSEND = YES;
				ENABLE_TESTABILITY = YES;
				GCC_C_LANGUAGE_STANDARD = gnu11;
				GCC_DYNAMIC_NO_PIC = NO;
				GCC_NO_COMMON_BLOCKS = YES;
				GCC_OPTIMIZATION_LEVEL = 0;
				GCC_PREPROCESSOR_DEFINITIONS = (
					"DEBUG=1",
					"$(inherited)",
				);
				GCC_WARN_64_TO_32_BIT_CONVERSION = YES;
				GCC_WARN_ABOUT_RETURN_TYPE = YES_ERROR;
				GCC_WARN_UNDECLARED_SELECTOR = YES;
				GCC_WARN_UNINITIALIZED_AUTOS = YES_AGGRESSIVE;
				GCC_WARN_UNUSED_FUNCTION = YES;
				GCC_WARN_UNUSED_VARIABLE = YES;
				IPHONEOS_DEPLOYMENT_TARGET = 13.2;
				MTL_ENABLE_DEBUG_INFO = INCLUDE_SOURCE;
				MTL_FAST_MATH = YES;
				ONLY_ACTIVE_ARCH = YES;
				SDKROOT = iphoneos;
				SWIFT_ACTIVE_COMPILATION_CONDITIONS = DEBUG;
				SWIFT_OPTIMIZATION_LEVEL = "-Onone";
			};
			name = Debug;
		};
		DC63C59523F6D9C8005684DE /* Release */ = {
			isa = XCBuildConfiguration;
			buildSettings = {
				ALWAYS_SEARCH_USER_PATHS = NO;
				CLANG_ANALYZER_NONNULL = YES;
				CLANG_ANALYZER_NUMBER_OBJECT_CONVERSION = YES_AGGRESSIVE;
				CLANG_CXX_LANGUAGE_STANDARD = "gnu++14";
				CLANG_CXX_LIBRARY = "libc++";
				CLANG_ENABLE_MODULES = YES;
				CLANG_ENABLE_OBJC_ARC = YES;
				CLANG_ENABLE_OBJC_WEAK = YES;
				CLANG_WARN_BLOCK_CAPTURE_AUTORELEASING = YES;
				CLANG_WARN_BOOL_CONVERSION = YES;
				CLANG_WARN_COMMA = YES;
				CLANG_WARN_CONSTANT_CONVERSION = YES;
				CLANG_WARN_DEPRECATED_OBJC_IMPLEMENTATIONS = YES;
				CLANG_WARN_DIRECT_OBJC_ISA_USAGE = YES_ERROR;
				CLANG_WARN_DOCUMENTATION_COMMENTS = YES;
				CLANG_WARN_EMPTY_BODY = YES;
				CLANG_WARN_ENUM_CONVERSION = YES;
				CLANG_WARN_INFINITE_RECURSION = YES;
				CLANG_WARN_INT_CONVERSION = YES;
				CLANG_WARN_NON_LITERAL_NULL_CONVERSION = YES;
				CLANG_WARN_OBJC_IMPLICIT_RETAIN_SELF = YES;
				CLANG_WARN_OBJC_LITERAL_CONVERSION = YES;
				CLANG_WARN_OBJC_ROOT_CLASS = YES_ERROR;
				CLANG_WARN_RANGE_LOOP_ANALYSIS = YES;
				CLANG_WARN_STRICT_PROTOTYPES = YES;
				CLANG_WARN_SUSPICIOUS_MOVE = YES;
				CLANG_WARN_UNGUARDED_AVAILABILITY = YES_AGGRESSIVE;
				CLANG_WARN_UNREACHABLE_CODE = YES;
				CLANG_WARN__DUPLICATE_METHOD_MATCH = YES;
				COPY_PHASE_STRIP = NO;
				DEBUG_INFORMATION_FORMAT = "dwarf-with-dsym";
				ENABLE_NS_ASSERTIONS = NO;
				ENABLE_STRICT_OBJC_MSGSEND = YES;
				GCC_C_LANGUAGE_STANDARD = gnu11;
				GCC_NO_COMMON_BLOCKS = YES;
				GCC_WARN_64_TO_32_BIT_CONVERSION = YES;
				GCC_WARN_ABOUT_RETURN_TYPE = YES_ERROR;
				GCC_WARN_UNDECLARED_SELECTOR = YES;
				GCC_WARN_UNINITIALIZED_AUTOS = YES_AGGRESSIVE;
				GCC_WARN_UNUSED_FUNCTION = YES;
				GCC_WARN_UNUSED_VARIABLE = YES;
				IPHONEOS_DEPLOYMENT_TARGET = 13.2;
				MTL_ENABLE_DEBUG_INFO = NO;
				MTL_FAST_MATH = YES;
				SDKROOT = iphoneos;
				SWIFT_COMPILATION_MODE = wholemodule;
				SWIFT_OPTIMIZATION_LEVEL = "-O";
				VALIDATE_PRODUCT = YES;
			};
			name = Release;
		};
		DC63C59723F6D9C8005684DE /* Debug */ = {
			isa = XCBuildConfiguration;
			buildSettings = {
				ASSETCATALOG_COMPILER_APPICON_NAME = AppIcon;
				CODE_SIGN_STYLE = Automatic;
				DEVELOPMENT_TEAM = NLHXHRPT3H;
				INFOPLIST_FILE = Example/Info.plist;
				IPHONEOS_DEPLOYMENT_TARGET = 10.0;
				LD_RUNPATH_SEARCH_PATHS = (
					"$(inherited)",
					"@executable_path/Frameworks",
				);
				PRODUCT_BUNDLE_IDENTIFIER = com.swiftminions.Example;
				PRODUCT_NAME = "$(TARGET_NAME)";
				SWIFT_VERSION = 5.0;
				TARGETED_DEVICE_FAMILY = "1,2";
			};
			name = Debug;
		};
		DC63C59823F6D9C8005684DE /* Release */ = {
			isa = XCBuildConfiguration;
			buildSettings = {
				ASSETCATALOG_COMPILER_APPICON_NAME = AppIcon;
				CODE_SIGN_STYLE = Automatic;
				DEVELOPMENT_TEAM = NLHXHRPT3H;
				INFOPLIST_FILE = Example/Info.plist;
				IPHONEOS_DEPLOYMENT_TARGET = 10.0;
				LD_RUNPATH_SEARCH_PATHS = (
					"$(inherited)",
					"@executable_path/Frameworks",
				);
				PRODUCT_BUNDLE_IDENTIFIER = com.swiftminions.Example;
				PRODUCT_NAME = "$(TARGET_NAME)";
				SWIFT_VERSION = 5.0;
				TARGETED_DEVICE_FAMILY = "1,2";
			};
			name = Release;
		};
		DC63C59A23F6D9C8005684DE /* Debug */ = {
			isa = XCBuildConfiguration;
			buildSettings = {
				ALWAYS_EMBED_SWIFT_STANDARD_LIBRARIES = YES;
				BUNDLE_LOADER = "$(TEST_HOST)";
				CODE_SIGN_STYLE = Automatic;
				DEVELOPMENT_TEAM = NLHXHRPT3H;
				INFOPLIST_FILE = ExampleTests/Info.plist;
				IPHONEOS_DEPLOYMENT_TARGET = 13.2;
				LD_RUNPATH_SEARCH_PATHS = (
					"$(inherited)",
					"@executable_path/Frameworks",
					"@loader_path/Frameworks",
				);
				PRODUCT_BUNDLE_IDENTIFIER = com.swiftminions.ExampleTests;
				PRODUCT_NAME = "$(TARGET_NAME)";
				SWIFT_VERSION = 5.0;
				TARGETED_DEVICE_FAMILY = "1,2";
				TEST_HOST = "$(BUILT_PRODUCTS_DIR)/Example.app/Example";
			};
			name = Debug;
		};
		DC63C59B23F6D9C8005684DE /* Release */ = {
			isa = XCBuildConfiguration;
			buildSettings = {
				ALWAYS_EMBED_SWIFT_STANDARD_LIBRARIES = YES;
				BUNDLE_LOADER = "$(TEST_HOST)";
				CODE_SIGN_STYLE = Automatic;
				DEVELOPMENT_TEAM = NLHXHRPT3H;
				INFOPLIST_FILE = ExampleTests/Info.plist;
				IPHONEOS_DEPLOYMENT_TARGET = 13.2;
				LD_RUNPATH_SEARCH_PATHS = (
					"$(inherited)",
					"@executable_path/Frameworks",
					"@loader_path/Frameworks",
				);
				PRODUCT_BUNDLE_IDENTIFIER = com.swiftminions.ExampleTests;
				PRODUCT_NAME = "$(TARGET_NAME)";
				SWIFT_VERSION = 5.0;
				TARGETED_DEVICE_FAMILY = "1,2";
				TEST_HOST = "$(BUILT_PRODUCTS_DIR)/Example.app/Example";
			};
			name = Release;
		};
		DC63C59D23F6D9C8005684DE /* Debug */ = {
			isa = XCBuildConfiguration;
			buildSettings = {
				ALWAYS_EMBED_SWIFT_STANDARD_LIBRARIES = YES;
				CODE_SIGN_STYLE = Automatic;
				DEVELOPMENT_TEAM = NLHXHRPT3H;
				INFOPLIST_FILE = ExampleUITests/Info.plist;
				LD_RUNPATH_SEARCH_PATHS = (
					"$(inherited)",
					"@executable_path/Frameworks",
					"@loader_path/Frameworks",
				);
				PRODUCT_BUNDLE_IDENTIFIER = com.swiftminions.ExampleUITests;
				PRODUCT_NAME = "$(TARGET_NAME)";
				SWIFT_VERSION = 5.0;
				TARGETED_DEVICE_FAMILY = "1,2";
				TEST_TARGET_NAME = Example;
			};
			name = Debug;
		};
		DC63C59E23F6D9C8005684DE /* Release */ = {
			isa = XCBuildConfiguration;
			buildSettings = {
				ALWAYS_EMBED_SWIFT_STANDARD_LIBRARIES = YES;
				CODE_SIGN_STYLE = Automatic;
				DEVELOPMENT_TEAM = NLHXHRPT3H;
				INFOPLIST_FILE = ExampleUITests/Info.plist;
				LD_RUNPATH_SEARCH_PATHS = (
					"$(inherited)",
					"@executable_path/Frameworks",
					"@loader_path/Frameworks",
				);
				PRODUCT_BUNDLE_IDENTIFIER = com.swiftminions.ExampleUITests;
				PRODUCT_NAME = "$(TARGET_NAME)";
				SWIFT_VERSION = 5.0;
				TARGETED_DEVICE_FAMILY = "1,2";
				TEST_TARGET_NAME = Example;
			};
			name = Release;
		};
/* End XCBuildConfiguration section */

/* Begin XCConfigurationList section */
		DC63C56723F6D9C6005684DE /* Build configuration list for PBXProject "Example" */ = {
			isa = XCConfigurationList;
			buildConfigurations = (
				DC63C59423F6D9C8005684DE /* Debug */,
				DC63C59523F6D9C8005684DE /* Release */,
			);
			defaultConfigurationIsVisible = 0;
			defaultConfigurationName = Release;
		};
		DC63C59623F6D9C8005684DE /* Build configuration list for PBXNativeTarget "Example" */ = {
			isa = XCConfigurationList;
			buildConfigurations = (
				DC63C59723F6D9C8005684DE /* Debug */,
				DC63C59823F6D9C8005684DE /* Release */,
			);
			defaultConfigurationIsVisible = 0;
			defaultConfigurationName = Release;
		};
		DC63C59923F6D9C8005684DE /* Build configuration list for PBXNativeTarget "ExampleTests" */ = {
			isa = XCConfigurationList;
			buildConfigurations = (
				DC63C59A23F6D9C8005684DE /* Debug */,
				DC63C59B23F6D9C8005684DE /* Release */,
			);
			defaultConfigurationIsVisible = 0;
			defaultConfigurationName = Release;
		};
		DC63C59C23F6D9C8005684DE /* Build configuration list for PBXNativeTarget "ExampleUITests" */ = {
			isa = XCConfigurationList;
			buildConfigurations = (
				DC63C59D23F6D9C8005684DE /* Debug */,
				DC63C59E23F6D9C8005684DE /* Release */,
			);
			defaultConfigurationIsVisible = 0;
			defaultConfigurationName = Release;
		};
/* End XCConfigurationList section */
	};
	rootObject = DC63C56423F6D9C6005684DE /* Project object */;
}
